<?xml version="1.0" encoding="utf-8"?>
<Project ToolsVersion="4.0" xmlns="http://schemas.microsoft.com/developer/msbuild/2003">
  <ItemGroup>
    <Filter Include="소스 파일">
      <UniqueIdentifier>{4FC737F1-C7A5-4376-A066-2A32D752A2FF}</UniqueIdentifier>
      <Extensions>cpp;c;cc;cxx;c++;cppm;ixx;def;odl;idl;hpj;bat;asm;asmx</Extensions>
    </Filter>
    <Filter Include="헤더 파일">
      <UniqueIdentifier>{93995380-89BD-4b04-88EB-625FBE52EBFB}</UniqueIdentifier>
      <Extensions>h;hh;hpp;hxx;h++;hm;inl;inc;ipp;xsd</Extensions>
    </Filter>
    <Filter Include="리소스 파일">
      <UniqueIdentifier>{67DA6AB6-F800-4c08-8B7A-83BB121AAD01}</UniqueIdentifier>
      <Extensions>rc;ico;cur;bmp;dlg;rc2;rct;bin;rgs;gif;jpg;jpeg;jpe;resx;tiff;tif;png;wav;mfcribbon-ms</Extensions>
    </Filter>
    <Filter Include="소스 파일\conditional statement">
      <UniqueIdentifier>{ace732eb-7728-40a5-9183-6e70d9c92214}</UniqueIdentifier>
    </Filter>
    <Filter Include="소스 파일\geometry">
      <UniqueIdentifier>{6bf24ea6-b98a-4bba-b5d6-6bd562665104}</UniqueIdentifier>
    </Filter>
    <Filter Include="소스 파일\loop">
      <UniqueIdentifier>{22c54238-6ae9-4132-bcc5-d4f793ee10ea}</UniqueIdentifier>
    </Filter>
    <Filter Include="소스 파일\one_dimensional array">
      <UniqueIdentifier>{6b4cf746-ce6a-45d1-8577-ce06c035837f}</UniqueIdentifier>
    </Filter>
    <Filter Include="소스 파일\string">
      <UniqueIdentifier>{f1fa6f11-d46d-4350-afd4-ed659da1ff4c}</UniqueIdentifier>
    </Filter>
    <Filter Include="소스 파일\advanced1">
      <UniqueIdentifier>{8f2b92c7-ed19-46bd-9fa3-b1b2de5c4264}</UniqueIdentifier>
    </Filter>
    <Filter Include="소스 파일\two_dimensional array">
      <UniqueIdentifier>{a786b907-6034-4278-9362-479b9999150a}</UniqueIdentifier>
    </Filter>
    <Filter Include="소스 파일\general math">
      <UniqueIdentifier>{040c6265-59ef-402f-a593-790881af17dd}</UniqueIdentifier>
    </Filter>
    <Filter Include="소스 파일\decimal_multiple_factor">
      <UniqueIdentifier>{f970f89d-d564-4784-876c-5ad4fcad874e}</UniqueIdentifier>
    </Filter>
    <Filter Include="소스 파일\input_output">
      <UniqueIdentifier>{89196b11-b056-45cf-aacc-6c64cd2c8383}</UniqueIdentifier>
    </Filter>
  </ItemGroup>
  <ItemGroup>
    <ClCompile Include="2525.cpp">
      <Filter>소스 파일\conditional statement</Filter>
    </ClCompile>
    <ClCompile Include="2480.cpp">
      <Filter>소스 파일\conditional statement</Filter>
    </ClCompile>
    <ClCompile Include="25304.cpp">
      <Filter>소스 파일\loop</Filter>
    </ClCompile>
    <ClCompile Include="25314.cpp">
      <Filter>소스 파일\loop</Filter>
    </ClCompile>
    <ClCompile Include="10807.cpp">
      <Filter>소스 파일\one_dimensional array</Filter>
    </ClCompile>
    <ClCompile Include="10810.cpp">
      <Filter>소스 파일\one_dimensional array</Filter>
    </ClCompile>
    <ClCompile Include="10813.cpp">
      <Filter>소스 파일\one_dimensional array</Filter>
    </ClCompile>
    <ClCompile Include="5597.cpp">
      <Filter>소스 파일\one_dimensional array</Filter>
    </ClCompile>
    <ClCompile Include="10811.cpp">
      <Filter>소스 파일\one_dimensional array</Filter>
    </ClCompile>
    <ClCompile Include="2743.cpp">
      <Filter>소스 파일\string</Filter>
    </ClCompile>
    <ClCompile Include="9086.cpp">
      <Filter>소스 파일\string</Filter>
    </ClCompile>
    <ClCompile Include="5622.cpp">
      <Filter>소스 파일\string</Filter>
    </ClCompile>
    <ClCompile Include="11718.cpp">
      <Filter>소스 파일\string</Filter>
    </ClCompile>
    <ClCompile Include="25083.cpp">
      <Filter>소스 파일\advanced1</Filter>
    </ClCompile>
    <ClCompile Include="2444.cpp">
      <Filter>소스 파일\advanced1</Filter>
    </ClCompile>
    <ClCompile Include="10988.cpp">
      <Filter>소스 파일\advanced1</Filter>
    </ClCompile>
    <ClCompile Include="25206.cpp">
      <Filter>소스 파일\advanced1</Filter>
    </ClCompile>
    <ClCompile Include="2783.cpp">
      <Filter>소스 파일\two_dimensional array</Filter>
    </ClCompile>
    <ClCompile Include="2501.cpp">
      <Filter>소스 파일\decimal_multiple_factor</Filter>
    </ClCompile>
    <ClCompile Include="9506.cpp">
      <Filter>소스 파일\decimal_multiple_factor</Filter>
    </ClCompile>
    <ClCompile Include="2581.cpp">
      <Filter>소스 파일\decimal_multiple_factor</Filter>
    </ClCompile>
    <ClCompile Include="11653.cpp">
      <Filter>소스 파일\decimal_multiple_factor</Filter>
    </ClCompile>
    <ClCompile Include="27323.cpp">
      <Filter>소스 파일\geometry</Filter>
    </ClCompile>
    <ClCompile Include="1085.cpp">
      <Filter>소스 파일\geometry</Filter>
    </ClCompile>
    <ClCompile Include="3009.cpp">
      <Filter>소스 파일\geometry</Filter>
    </ClCompile>
    <ClCompile Include="5073.cpp">
      <Filter>소스 파일\geometry</Filter>
    </ClCompile>
    <ClCompile Include="10101.cpp">
      <Filter>소스 파일\geometry</Filter>
    </ClCompile>
    <ClCompile Include="15894.cpp">
      <Filter>소스 파일\geometry</Filter>
    </ClCompile>
    <ClCompile Include="9063.cpp">
      <Filter>소스 파일\geometry</Filter>
    </ClCompile>
    <ClCompile Include="10926.cpp">
      <Filter>소스 파일\input_output</Filter>
    </ClCompile>
    <ClCompile Include="18108.cpp">
      <Filter>소스 파일\input_output</Filter>
    </ClCompile>
    <ClCompile Include="11382.cpp">
      <Filter>소스 파일\input_output</Filter>
    </ClCompile>
    <ClCompile Include="27866.cpp">
      <Filter>소스 파일\string</Filter>
    </ClCompile>
    <ClCompile Include="3003.cpp">
      <Filter>소스 파일\advanced1</Filter>
    </ClCompile>
    <ClCompile Include="14215.cpp">
      <Filter>소스 파일\geometry</Filter>
    </ClCompile>
  </ItemGroup>
</Project>